
Microsoft Visual Studio Solution File, Format Version 12.00
# Visual Studio Version 16
VisualStudioVersion = 16.0.31613.86
MinimumVisualStudioVersion = 10.0.40219.1
Project("{FAE04EC0-301F-11D3-BF4B-00C04F79EFBC}") = "Ventas", "Ventas\Ventas.csproj", "{304FE84D-5D57-4B1A-9AE2-9CB64162BCF9}"
EndProject
Global
	GlobalSection(SolutionConfigurationPlatforms) = preSolution
		Debug|Any CPU = Debug|Any CPU
		Release|Any CPU = Release|Any CPU
	EndGlobalSection
	GlobalSection(ProjectConfigurationPlatforms) = postSolution
		{304FE84D-5D57-4B1A-9AE2-9CB64162BCF9}.Debug|Any CPU.ActiveCfg = Debug|Any CPU
		{304FE84D-5D57-4B1A-9AE2-9CB64162BCF9}.Debug|Any CPU.Build.0 = Debug|Any CPU
		{304FE84D-5D57-4B1A-9AE2-9CB64162BCF9}.Release|Any CPU.ActiveCfg = Release|Any CPU
		{304FE84D-5D57-4B1A-9AE2-9CB64162BCF9}.Release|Any CPU.Build.0 = Release|Any CPU
	EndGlobalSection
	GlobalSection(SolutionProperties) = preSolution
		HideSolutionNode = FALSE
	EndGlobalSection
	GlobalSection(ExtensibilityGlobals) = postSolution
		SolutionGuid = {8ED1551C-7472-4B33-8431-8005C6061128}
	EndGlobalSection
EndGlobal
