
Microsoft Visual Studio Solution File, Format Version 12.00
# Visual Studio Version 16
VisualStudioVersion = 16.0.31105.61
MinimumVisualStudioVersion = 10.0.40219.1
Project("{FAE04EC0-301F-11D3-BF4B-00C04F79EFBC}") = "Pract6-Exp3", "Pract6-Exp3\Pract6-Exp3.csproj", "{BACAE5FF-A138-4369-A7A7-110FA20E7CAE}"
EndProject
Global
	GlobalSection(SolutionConfigurationPlatforms) = preSolution
		Debug|Any CPU = Debug|Any CPU
		Release|Any CPU = Release|Any CPU
	EndGlobalSection
	GlobalSection(ProjectConfigurationPlatforms) = postSolution
		{BACAE5FF-A138-4369-A7A7-110FA20E7CAE}.Debug|Any CPU.ActiveCfg = Debug|Any CPU
		{BACAE5FF-A138-4369-A7A7-110FA20E7CAE}.Debug|Any CPU.Build.0 = Debug|Any CPU
		{BACAE5FF-A138-4369-A7A7-110FA20E7CAE}.Release|Any CPU.ActiveCfg = Release|Any CPU
		{BACAE5FF-A138-4369-A7A7-110FA20E7CAE}.Release|Any CPU.Build.0 = Release|Any CPU
	EndGlobalSection
	GlobalSection(SolutionProperties) = preSolution
		HideSolutionNode = FALSE
	EndGlobalSection
	GlobalSection(ExtensibilityGlobals) = postSolution
		SolutionGuid = {475CBD44-B957-491E-8CC4-3AD463161E13}
	EndGlobalSection
EndGlobal
